
Microsoft Visual Studio Solution File, Format Version 12.00
# Visual Studio 15
VisualStudioVersion = 15.0.27004.2009
MinimumVisualStudioVersion = 10.0.40219.1
Project("{FAE04EC0-301F-11D3-BF4B-00C04F79EFBC}") = "NeelTwitterApp", "NeelTwitterApp\NeelTwitterApp.csproj", "{82C1F6D9-9D9C-401A-86B2-41D6035C6034}"
EndProject
Global
	GlobalSection(SolutionConfigurationPlatforms) = preSolution
		Debug|Any CPU = Debug|Any CPU
		Release|Any CPU = Release|Any CPU
	EndGlobalSection
	GlobalSection(ProjectConfigurationPlatforms) = postSolution
		{82C1F6D9-9D9C-401A-86B2-41D6035C6034}.Debug|Any CPU.ActiveCfg = Debug|Any CPU
		{82C1F6D9-9D9C-401A-86B2-41D6035C6034}.Debug|Any CPU.Build.0 = Debug|Any CPU
		{82C1F6D9-9D9C-401A-86B2-41D6035C6034}.Release|Any CPU.ActiveCfg = Release|Any CPU
		{82C1F6D9-9D9C-401A-86B2-41D6035C6034}.Release|Any CPU.Build.0 = Release|Any CPU
	EndGlobalSection
	GlobalSection(SolutionProperties) = preSolution
		HideSolutionNode = FALSE
	EndGlobalSection
	GlobalSection(ExtensibilityGlobals) = postSolution
		SolutionGuid = {22DE782E-7D55-4300-A518-9B233E6702AB}
	EndGlobalSection
EndGlobal
